{
    "_meta": {
        "hash": {
            "sha256": "bee8a4c9ccd1cd48c1717c1373fb67da627579734afc31fadb1cc699709ec2de"
        },
        "pipfile-spec": 6,
        "requires": {
            "python_version": "3.7"
        },
        "sources": [
            {
                "name": "pypi",
                "url": "https://pypi.org/simple",
                "verify_ssl": true
            }
        ]
    },
    "default": {},
    "develop": {
        "e1839a8": {
            "editable": true,
            "path": "."
        }
    }
}
